
Microsoft Visual Studio Solution File, Format Version 12.00
# Visual Studio Version 16
VisualStudioVersion = 16.0.30320.27
MinimumVisualStudioVersion = 10.0.40219.1
Project("{FAE04EC0-301F-11D3-BF4B-00C04F79EFBC}") = "TestMussabSession", "TestMussabSession.csproj", "{FA2BD70C-D7DE-4E6E-A3E3-C8F7D3C5A4F8}"
EndProject
Global
	GlobalSection(SolutionConfigurationPlatforms) = preSolution
		Debug|Any CPU = Debug|Any CPU
		Release|Any CPU = Release|Any CPU
	EndGlobalSection
	GlobalSection(ProjectConfigurationPlatforms) = postSolution
		{FA2BD70C-D7DE-4E6E-A3E3-C8F7D3C5A4F8}.Debug|Any CPU.ActiveCfg = Debug|Any CPU
		{FA2BD70C-D7DE-4E6E-A3E3-C8F7D3C5A4F8}.Debug|Any CPU.Build.0 = Debug|Any CPU
		{FA2BD70C-D7DE-4E6E-A3E3-C8F7D3C5A4F8}.Release|Any CPU.ActiveCfg = Release|Any CPU
		{FA2BD70C-D7DE-4E6E-A3E3-C8F7D3C5A4F8}.Release|Any CPU.Build.0 = Release|Any CPU
	EndGlobalSection
	GlobalSection(SolutionProperties) = preSolution
		HideSolutionNode = FALSE
	EndGlobalSection
	GlobalSection(ExtensibilityGlobals) = postSolution
		SolutionGuid = {3048691A-22A3-47F2-85F0-375F09975378}
	EndGlobalSection
EndGlobal
